// !$*UTF8*$!
{
	archiveVersion = 1;
	classes = {
	};
	objectVersion = 51;
	objects = {

/* Begin PBXBuildFile section */
		A40C73CB755BF79220E6E840 /* Pods_ios_login.framework in Frameworks */ = {isa = PBXBuildFile; fileRef = 960EC14BE70AE033C37CBCDE /* Pods_ios_login.framework */; };
		E05F03C5233309E100A8FA6A /* AppDelegate.swift in Sources */ = {isa = PBXBuildFile; fileRef = E05F03C4233309E100A8FA6A /* AppDelegate.swift */; };
		E05F03CC233309E300A8FA6A /* Assets.xcassets in Resources */ = {isa = PBXBuildFile; fileRef = E05F03CB233309E300A8FA6A /* Assets.xcassets */; };
		E05F03CF233309E300A8FA6A /* LaunchScreen.storyboard in Resources */ = {isa = PBXBuildFile; fileRef = E05F03CD233309E300A8FA6A /* LaunchScreen.storyboard */; };
		E05F03D923330A6400A8FA6A /* TextField.swift in Sources */ = {isa = PBXBuildFile; fileRef = E05F03D823330A6400A8FA6A /* TextField.swift */; };
		E05F03DD23330C3800A8FA6A /* Colors.xcassets in Resources */ = {isa = PBXBuildFile; fileRef = E05F03DC23330C3700A8FA6A /* Colors.xcassets */; };
		E05F03E023330CA500A8FA6A /* UIColor.swift in Sources */ = {isa = PBXBuildFile; fileRef = E05F03DF23330CA500A8FA6A /* UIColor.swift */; };
		E05F03E223330D0500A8FA6A /* UIFont.swift in Sources */ = {isa = PBXBuildFile; fileRef = E05F03E123330D0500A8FA6A /* UIFont.swift */; };
		E05F03EE2333142400A8FA6A /* Login.storyboard in Resources */ = {isa = PBXBuildFile; fileRef = E05F03ED2333142400A8FA6A /* Login.storyboard */; };
		E05F03F02333143A00A8FA6A /* LoginViewModel.swift in Sources */ = {isa = PBXBuildFile; fileRef = E05F03EF2333143A00A8FA6A /* LoginViewModel.swift */; };
		E05F03F22333145A00A8FA6A /* LoginViewController.swift in Sources */ = {isa = PBXBuildFile; fileRef = E05F03F12333145A00A8FA6A /* LoginViewController.swift */; };
		E07E5B77233702D900B6BEDB /* Button.swift in Sources */ = {isa = PBXBuildFile; fileRef = E07E5B76233702D900B6BEDB /* Button.swift */; };
		E07E5B7A2337081D00B6BEDB /* UIViewExtensions.swift in Sources */ = {isa = PBXBuildFile; fileRef = E07E5B792337081D00B6BEDB /* UIViewExtensions.swift */; };
		E07E5B7C2337087100B6BEDB /* UIButtonExtensions.swift in Sources */ = {isa = PBXBuildFile; fileRef = E07E5B7B2337087100B6BEDB /* UIButtonExtensions.swift */; };
		E07E5B7F2337F59100B6BEDB /* LoginService.swift in Sources */ = {isa = PBXBuildFile; fileRef = E07E5B7E2337F59100B6BEDB /* LoginService.swift */; };
		E07E5B812337FD6800B6BEDB /* Network.swift in Sources */ = {isa = PBXBuildFile; fileRef = E07E5B802337FD6800B6BEDB /* Network.swift */; };
/* End PBXBuildFile section */

/* Begin PBXFileReference section */
		44514BD665888774D7F308D2 /* Pods-ios-login.release.xcconfig */ = {isa = PBXFileReference; includeInIndex = 1; lastKnownFileType = text.xcconfig; name = "Pods-ios-login.release.xcconfig"; path = "Target Support Files/Pods-ios-login/Pods-ios-login.release.xcconfig"; sourceTree = "<group>"; };
		44D7EA4AF5D3ACAF65A0DBA9 /* Pods-ios-login.debug.xcconfig */ = {isa = PBXFileReference; includeInIndex = 1; lastKnownFileType = text.xcconfig; name = "Pods-ios-login.debug.xcconfig"; path = "Target Support Files/Pods-ios-login/Pods-ios-login.debug.xcconfig"; sourceTree = "<group>"; };
		960EC14BE70AE033C37CBCDE /* Pods_ios_login.framework */ = {isa = PBXFileReference; explicitFileType = wrapper.framework; includeInIndex = 0; path = Pods_ios_login.framework; sourceTree = BUILT_PRODUCTS_DIR; };
		E05F03C1233309E100A8FA6A /* ios-login.app */ = {isa = PBXFileReference; explicitFileType = wrapper.application; includeInIndex = 0; path = "ios-login.app"; sourceTree = BUILT_PRODUCTS_DIR; };
		E05F03C4233309E100A8FA6A /* AppDelegate.swift */ = {isa = PBXFileReference; lastKnownFileType = sourcecode.swift; path = AppDelegate.swift; sourceTree = "<group>"; };
		E05F03CB233309E300A8FA6A /* Assets.xcassets */ = {isa = PBXFileReference; lastKnownFileType = folder.assetcatalog; path = Assets.xcassets; sourceTree = "<group>"; };
		E05F03CE233309E300A8FA6A /* Base */ = {isa = PBXFileReference; lastKnownFileType = file.storyboard; name = Base; path = Base.lproj/LaunchScreen.storyboard; sourceTree = "<group>"; };
		E05F03D0233309E300A8FA6A /* Info.plist */ = {isa = PBXFileReference; lastKnownFileType = text.plist.xml; path = Info.plist; sourceTree = "<group>"; };
		E05F03D823330A6400A8FA6A /* TextField.swift */ = {isa = PBXFileReference; lastKnownFileType = sourcecode.swift; path = TextField.swift; sourceTree = "<group>"; };
		E05F03DC23330C3700A8FA6A /* Colors.xcassets */ = {isa = PBXFileReference; lastKnownFileType = folder.assetcatalog; name = Colors.xcassets; path = "ios-login/Colors.xcassets"; sourceTree = "<group>"; };
		E05F03DF23330CA500A8FA6A /* UIColor.swift */ = {isa = PBXFileReference; lastKnownFileType = sourcecode.swift; path = UIColor.swift; sourceTree = "<group>"; };
		E05F03E123330D0500A8FA6A /* UIFont.swift */ = {isa = PBXFileReference; lastKnownFileType = sourcecode.swift; path = UIFont.swift; sourceTree = "<group>"; };
		E05F03ED2333142400A8FA6A /* Login.storyboard */ = {isa = PBXFileReference; lastKnownFileType = file.storyboard; path = Login.storyboard; sourceTree = "<group>"; };
		E05F03EF2333143A00A8FA6A /* LoginViewModel.swift */ = {isa = PBXFileReference; lastKnownFileType = sourcecode.swift; path = LoginViewModel.swift; sourceTree = "<group>"; };
		E05F03F12333145A00A8FA6A /* LoginViewController.swift */ = {isa = PBXFileReference; lastKnownFileType = sourcecode.swift; path = LoginViewController.swift; sourceTree = "<group>"; };
		E07E5B76233702D900B6BEDB /* Button.swift */ = {isa = PBXFileReference; lastKnownFileType = sourcecode.swift; path = Button.swift; sourceTree = "<group>"; };
		E07E5B792337081D00B6BEDB /* UIViewExtensions.swift */ = {isa = PBXFileReference; lastKnownFileType = sourcecode.swift; path = UIViewExtensions.swift; sourceTree = "<group>"; };
		E07E5B7B2337087100B6BEDB /* UIButtonExtensions.swift */ = {isa = PBXFileReference; lastKnownFileType = sourcecode.swift; path = UIButtonExtensions.swift; sourceTree = "<group>"; };
		E07E5B7E2337F59100B6BEDB /* LoginService.swift */ = {isa = PBXFileReference; lastKnownFileType = sourcecode.swift; path = LoginService.swift; sourceTree = "<group>"; };
		E07E5B802337FD6800B6BEDB /* Network.swift */ = {isa = PBXFileReference; lastKnownFileType = sourcecode.swift; path = Network.swift; sourceTree = "<group>"; };
/* End PBXFileReference section */

/* Begin PBXFrameworksBuildPhase section */
		E05F03BE233309E100A8FA6A /* Frameworks */ = {
			isa = PBXFrameworksBuildPhase;
			buildActionMask = 2147483647;
			files = (
				A40C73CB755BF79220E6E840 /* Pods_ios_login.framework in Frameworks */,
			);
			runOnlyForDeploymentPostprocessing = 0;
		};
/* End PBXFrameworksBuildPhase section */

/* Begin PBXGroup section */
		266D00E2089D9D758343FDDB /* Pods */ = {
			isa = PBXGroup;
			children = (
				44D7EA4AF5D3ACAF65A0DBA9 /* Pods-ios-login.debug.xcconfig */,
				44514BD665888774D7F308D2 /* Pods-ios-login.release.xcconfig */,
			);
			path = Pods;
			sourceTree = "<group>";
		};
		E05F03B8233309E100A8FA6A = {
			isa = PBXGroup;
			children = (
				E05F03DC23330C3700A8FA6A /* Colors.xcassets */,
				E05F03CB233309E300A8FA6A /* Assets.xcassets */,
				E05F03C3233309E100A8FA6A /* ios-login */,
				E05F03C2233309E100A8FA6A /* Products */,
				266D00E2089D9D758343FDDB /* Pods */,
				EA758EC9F1D408E539237D83 /* Frameworks */,
			);
			sourceTree = "<group>";
		};
		E05F03C2233309E100A8FA6A /* Products */ = {
			isa = PBXGroup;
			children = (
				E05F03C1233309E100A8FA6A /* ios-login.app */,
			);
			name = Products;
			sourceTree = "<group>";
		};
		E05F03C3233309E100A8FA6A /* ios-login */ = {
			isa = PBXGroup;
			children = (
				E07E5B7D2337F57600B6BEDB /* Service */,
				E07E5B78233707CD00B6BEDB /* Utils */,
				E05F03EB2333140300A8FA6A /* UI */,
				E05F03DE23330C8500A8FA6A /* StyleSheet */,
				E05F03D623330A3900A8FA6A /* Views */,
				E05F03C4233309E100A8FA6A /* AppDelegate.swift */,
				E05F03CD233309E300A8FA6A /* LaunchScreen.storyboard */,
				E05F03D0233309E300A8FA6A /* Info.plist */,
			);
			path = "ios-login";
			sourceTree = "<group>";
		};
		E05F03D623330A3900A8FA6A /* Views */ = {
			isa = PBXGroup;
			children = (
				E05F03D723330A4200A8FA6A /* TextField */,
			);
			path = Views;
			sourceTree = "<group>";
		};
		E05F03D723330A4200A8FA6A /* TextField */ = {
			isa = PBXGroup;
			children = (
				E05F03D823330A6400A8FA6A /* TextField.swift */,
				E07E5B76233702D900B6BEDB /* Button.swift */,
			);
			path = TextField;
			sourceTree = "<group>";
		};
		E05F03DE23330C8500A8FA6A /* StyleSheet */ = {
			isa = PBXGroup;
			children = (
				E05F03DF23330CA500A8FA6A /* UIColor.swift */,
				E05F03E123330D0500A8FA6A /* UIFont.swift */,
			);
			path = StyleSheet;
			sourceTree = "<group>";
		};
		E05F03EB2333140300A8FA6A /* UI */ = {
			isa = PBXGroup;
			children = (
				E05F03EC2333140A00A8FA6A /* Login */,
			);
			path = UI;
			sourceTree = "<group>";
		};
		E05F03EC2333140A00A8FA6A /* Login */ = {
			isa = PBXGroup;
			children = (
				E05F03ED2333142400A8FA6A /* Login.storyboard */,
				E05F03EF2333143A00A8FA6A /* LoginViewModel.swift */,
				E05F03F12333145A00A8FA6A /* LoginViewController.swift */,
			);
			path = Login;
			sourceTree = "<group>";
		};
		E07E5B78233707CD00B6BEDB /* Utils */ = {
			isa = PBXGroup;
			children = (
				E07E5B792337081D00B6BEDB /* UIViewExtensions.swift */,
				E07E5B7B2337087100B6BEDB /* UIButtonExtensions.swift */,
				E07E5B802337FD6800B6BEDB /* Network.swift */,
			);
			path = Utils;
			sourceTree = "<group>";
		};
		E07E5B7D2337F57600B6BEDB /* Service */ = {
			isa = PBXGroup;
			children = (
				E07E5B7E2337F59100B6BEDB /* LoginService.swift */,
			);
			path = Service;
			sourceTree = "<group>";
		};
		EA758EC9F1D408E539237D83 /* Frameworks */ = {
			isa = PBXGroup;
			children = (
				960EC14BE70AE033C37CBCDE /* Pods_ios_login.framework */,
			);
			name = Frameworks;
			sourceTree = "<group>";
		};
/* End PBXGroup section */

/* Begin PBXNativeTarget section */
		E05F03C0233309E100A8FA6A /* ios-login */ = {
			isa = PBXNativeTarget;
			buildConfigurationList = E05F03D3233309E300A8FA6A /* Build configuration list for PBXNativeTarget "ios-login" */;
			buildPhases = (
				A491DFBA4C55B9B00B43B1FD /* [CP] Check Pods Manifest.lock */,
				E05F03BD233309E100A8FA6A /* Sources */,
				E05F03BE233309E100A8FA6A /* Frameworks */,
				E05F03BF233309E100A8FA6A /* Resources */,
				3D1CA3CFA53FB64BA1C98BFE /* [CP] Embed Pods Frameworks */,
			);
			buildRules = (
			);
			dependencies = (
			);
			name = "ios-login";
			productName = "ios-login";
			productReference = E05F03C1233309E100A8FA6A /* ios-login.app */;
			productType = "com.apple.product-type.application";
		};
/* End PBXNativeTarget section */

/* Begin PBXProject section */
		E05F03B9233309E100A8FA6A /* Project object */ = {
			isa = PBXProject;
			attributes = {
				LastSwiftUpdateCheck = 1030;
				LastUpgradeCheck = 1030;
				ORGANIZATIONNAME = "Ahmed Aly";
				TargetAttributes = {
					E05F03C0233309E100A8FA6A = {
						CreatedOnToolsVersion = 10.3;
					};
				};
			};
			buildConfigurationList = E05F03BC233309E100A8FA6A /* Build configuration list for PBXProject "ios-login" */;
			compatibilityVersion = "Xcode 9.3";
			developmentRegion = en;
			hasScannedForEncodings = 0;
			knownRegions = (
				en,
				Base,
			);
			mainGroup = E05F03B8233309E100A8FA6A;
			productRefGroup = E05F03C2233309E100A8FA6A /* Products */;
			projectDirPath = "";
			projectRoot = "";
			targets = (
				E05F03C0233309E100A8FA6A /* ios-login */,
			);
		};
/* End PBXProject section */

/* Begin PBXResourcesBuildPhase section */
		E05F03BF233309E100A8FA6A /* Resources */ = {
			isa = PBXResourcesBuildPhase;
			buildActionMask = 2147483647;
			files = (
				E05F03DD23330C3800A8FA6A /* Colors.xcassets in Resources */,
				E05F03CF233309E300A8FA6A /* LaunchScreen.storyboard in Resources */,
				E05F03CC233309E300A8FA6A /* Assets.xcassets in Resources */,
				E05F03EE2333142400A8FA6A /* Login.storyboard in Resources */,
			);
			runOnlyForDeploymentPostprocessing = 0;
		};
/* End PBXResourcesBuildPhase section */

/* Begin PBXShellScriptBuildPhase section */
		3D1CA3CFA53FB64BA1C98BFE /* [CP] Embed Pods Frameworks */ = {
			isa = PBXShellScriptBuildPhase;
			buildActionMask = 2147483647;
			files = (
			);
			inputFileListPaths = (
				"${PODS_ROOT}/Target Support Files/Pods-ios-login/Pods-ios-login-frameworks-${CONFIGURATION}-input-files.xcfilelist",
			);
			name = "[CP] Embed Pods Frameworks";
			outputFileListPaths = (
				"${PODS_ROOT}/Target Support Files/Pods-ios-login/Pods-ios-login-frameworks-${CONFIGURATION}-output-files.xcfilelist",
			);
			runOnlyForDeploymentPostprocessing = 0;
			shellPath = /bin/sh;
			shellScript = "\"${PODS_ROOT}/Target Support Files/Pods-ios-login/Pods-ios-login-frameworks.sh\"\n";
			showEnvVarsInLog = 0;
		};
		A491DFBA4C55B9B00B43B1FD /* [CP] Check Pods Manifest.lock */ = {
			isa = PBXShellScriptBuildPhase;
			buildActionMask = 2147483647;
			files = (
			);
			inputFileListPaths = (
			);
			inputPaths = (
				"${PODS_PODFILE_DIR_PATH}/Podfile.lock",
				"${PODS_ROOT}/Manifest.lock",
			);
			name = "[CP] Check Pods Manifest.lock";
			outputFileListPaths = (
			);
			outputPaths = (
				"$(DERIVED_FILE_DIR)/Pods-ios-login-checkManifestLockResult.txt",
			);
			runOnlyForDeploymentPostprocessing = 0;
			shellPath = /bin/sh;
			shellScript = "diff \"${PODS_PODFILE_DIR_PATH}/Podfile.lock\" \"${PODS_ROOT}/Manifest.lock\" > /dev/null\nif [ $? != 0 ] ; then\n    # print error to STDERR\n    echo \"error: The sandbox is not in sync with the Podfile.lock. Run 'pod install' or update your CocoaPods installation.\" >&2\n    exit 1\nfi\n# This output is used by Xcode 'outputs' to avoid re-running this script phase.\necho \"SUCCESS\" > \"${SCRIPT_OUTPUT_FILE_0}\"\n";
			showEnvVarsInLog = 0;
		};
/* End PBXShellScriptBuildPhase section */

/* Begin PBXSourcesBuildPhase section */
		E05F03BD233309E100A8FA6A /* Sources */ = {
			isa = PBXSourcesBuildPhase;
			buildActionMask = 2147483647;
			files = (
				E05F03D923330A6400A8FA6A /* TextField.swift in Sources */,
				E05F03E023330CA500A8FA6A /* UIColor.swift in Sources */,
				E07E5B7A2337081D00B6BEDB /* UIViewExtensions.swift in Sources */,
				E07E5B77233702D900B6BEDB /* Button.swift in Sources */,
				E05F03E223330D0500A8FA6A /* UIFont.swift in Sources */,
				E07E5B812337FD6800B6BEDB /* Network.swift in Sources */,
				E05F03F22333145A00A8FA6A /* LoginViewController.swift in Sources */,
				E07E5B7C2337087100B6BEDB /* UIButtonExtensions.swift in Sources */,
				E07E5B7F2337F59100B6BEDB /* LoginService.swift in Sources */,
				E05F03C5233309E100A8FA6A /* AppDelegate.swift in Sources */,
				E05F03F02333143A00A8FA6A /* LoginViewModel.swift in Sources */,
			);
			runOnlyForDeploymentPostprocessing = 0;
		};
/* End PBXSourcesBuildPhase section */

/* Begin PBXVariantGroup section */
		E05F03CD233309E300A8FA6A /* LaunchScreen.storyboard */ = {
			isa = PBXVariantGroup;
			children = (
				E05F03CE233309E300A8FA6A /* Base */,
			);
			name = LaunchScreen.storyboard;
			sourceTree = "<group>";
		};
/* End PBXVariantGroup section */

/* Begin XCBuildConfiguration section */
		E05F03D1233309E300A8FA6A /* Debug */ = {
			isa = XCBuildConfiguration;
			buildSettings = {
				ALWAYS_SEARCH_USER_PATHS = NO;
				CLANG_ANALYZER_NONNULL = YES;
				CLANG_ANALYZER_NUMBER_OBJECT_CONVERSION = YES_AGGRESSIVE;
				CLANG_CXX_LANGUAGE_STANDARD = "gnu++14";
				CLANG_CXX_LIBRARY = "libc++";
				CLANG_ENABLE_MODULES = YES;
				CLANG_ENABLE_OBJC_ARC = YES;
				CLANG_ENABLE_OBJC_WEAK = YES;
				CLANG_WARN_BLOCK_CAPTURE_AUTORELEASING = YES;
				CLANG_WARN_BOOL_CONVERSION = YES;
				CLANG_WARN_COMMA = YES;
				CLANG_WARN_CONSTANT_CONVERSION = YES;
				CLANG_WARN_DEPRECATED_OBJC_IMPLEMENTATIONS = YES;
				CLANG_WARN_DIRECT_OBJC_ISA_USAGE = YES_ERROR;
				CLANG_WARN_DOCUMENTATION_COMMENTS = YES;
				CLANG_WARN_EMPTY_BODY = YES;
				CLANG_WARN_ENUM_CONVERSION = YES;
				CLANG_WARN_INFINITE_RECURSION = YES;
				CLANG_WARN_INT_CONVERSION = YES;
				CLANG_WARN_NON_LITERAL_NULL_CONVERSION = YES;
				CLANG_WARN_OBJC_IMPLICIT_RETAIN_SELF = YES;
				CLANG_WARN_OBJC_LITERAL_CONVERSION = YES;
				CLANG_WARN_OBJC_ROOT_CLASS = YES_ERROR;
				CLANG_WARN_RANGE_LOOP_ANALYSIS = YES;
				CLANG_WARN_STRICT_PROTOTYPES = YES;
				CLANG_WARN_SUSPICIOUS_MOVE = YES;
				CLANG_WARN_UNGUARDED_AVAILABILITY = YES_AGGRESSIVE;
				CLANG_WARN_UNREACHABLE_CODE = YES;
				CLANG_WARN__DUPLICATE_METHOD_MATCH = YES;
				CODE_SIGN_IDENTITY = "iPhone Developer";
				COPY_PHASE_STRIP = NO;
				DEBUG_INFORMATION_FORMAT = dwarf;
				ENABLE_STRICT_OBJC_MSGSEND = YES;
				ENABLE_TESTABILITY = YES;
				GCC_C_LANGUAGE_STANDARD = gnu11;
				GCC_DYNAMIC_NO_PIC = NO;
				GCC_NO_COMMON_BLOCKS = YES;
				GCC_OPTIMIZATION_LEVEL = 0;
				GCC_PREPROCESSOR_DEFINITIONS = (
					"DEBUG=1",
					"$(inherited)",
				);
				GCC_WARN_64_TO_32_BIT_CONVERSION = YES;
				GCC_WARN_ABOUT_RETURN_TYPE = YES_ERROR;
				GCC_WARN_UNDECLARED_SELECTOR = YES;
				GCC_WARN_UNINITIALIZED_AUTOS = YES_AGGRESSIVE;
				GCC_WARN_UNUSED_FUNCTION = YES;
				GCC_WARN_UNUSED_VARIABLE = YES;
				IPHONEOS_DEPLOYMENT_TARGET = 12.4;
				MTL_ENABLE_DEBUG_INFO = INCLUDE_SOURCE;
				MTL_FAST_MATH = YES;
				ONLY_ACTIVE_ARCH = YES;
				SDKROOT = iphoneos;
				SWIFT_ACTIVE_COMPILATION_CONDITIONS = DEBUG;
				SWIFT_OPTIMIZATION_LEVEL = "-Onone";
			};
			name = Debug;
		};
		E05F03D2233309E300A8FA6A /* Release */ = {
			isa = XCBuildConfiguration;
			buildSettings = {
				ALWAYS_SEARCH_USER_PATHS = NO;
				CLANG_ANALYZER_NONNULL = YES;
				CLANG_ANALYZER_NUMBER_OBJECT_CONVERSION = YES_AGGRESSIVE;
				CLANG_CXX_LANGUAGE_STANDARD = "gnu++14";
				CLANG_CXX_LIBRARY = "libc++";
				CLANG_ENABLE_MODULES = YES;
				CLANG_ENABLE_OBJC_ARC = YES;
				CLANG_ENABLE_OBJC_WEAK = YES;
				CLANG_WARN_BLOCK_CAPTURE_AUTORELEASING = YES;
				CLANG_WARN_BOOL_CONVERSION = YES;
				CLANG_WARN_COMMA = YES;
				CLANG_WARN_CONSTANT_CONVERSION = YES;
				CLANG_WARN_DEPRECATED_OBJC_IMPLEMENTATIONS = YES;
				CLANG_WARN_DIRECT_OBJC_ISA_USAGE = YES_ERROR;
				CLANG_WARN_DOCUMENTATION_COMMENTS = YES;
				CLANG_WARN_EMPTY_BODY = YES;
				CLANG_WARN_ENUM_CONVERSION = YES;
				CLANG_WARN_INFINITE_RECURSION = YES;
				CLANG_WARN_INT_CONVERSION = YES;
				CLANG_WARN_NON_LITERAL_NULL_CONVERSION = YES;
				CLANG_WARN_OBJC_IMPLICIT_RETAIN_SELF = YES;
				CLANG_WARN_OBJC_LITERAL_CONVERSION = YES;
				CLANG_WARN_OBJC_ROOT_CLASS = YES_ERROR;
				CLANG_WARN_RANGE_LOOP_ANALYSIS = YES;
				CLANG_WARN_STRICT_PROTOTYPES = YES;
				CLANG_WARN_SUSPICIOUS_MOVE = YES;
				CLANG_WARN_UNGUARDED_AVAILABILITY = YES_AGGRESSIVE;
				CLANG_WARN_UNREACHABLE_CODE = YES;
				CLANG_WARN__DUPLICATE_METHOD_MATCH = YES;
				CODE_SIGN_IDENTITY = "iPhone Developer";
				COPY_PHASE_STRIP = NO;
				DEBUG_INFORMATION_FORMAT = "dwarf-with-dsym";
				ENABLE_NS_ASSERTIONS = NO;
				ENABLE_STRICT_OBJC_MSGSEND = YES;
				GCC_C_LANGUAGE_STANDARD = gnu11;
				GCC_NO_COMMON_BLOCKS = YES;
				GCC_WARN_64_TO_32_BIT_CONVERSION = YES;
				GCC_WARN_ABOUT_RETURN_TYPE = YES_ERROR;
				GCC_WARN_UNDECLARED_SELECTOR = YES;
				GCC_WARN_UNINITIALIZED_AUTOS = YES_AGGRESSIVE;
				GCC_WARN_UNUSED_FUNCTION = YES;
				GCC_WARN_UNUSED_VARIABLE = YES;
				IPHONEOS_DEPLOYMENT_TARGET = 12.4;
				MTL_ENABLE_DEBUG_INFO = NO;
				MTL_FAST_MATH = YES;
				SDKROOT = iphoneos;
				SWIFT_COMPILATION_MODE = wholemodule;
				SWIFT_OPTIMIZATION_LEVEL = "-O";
				VALIDATE_PRODUCT = YES;
			};
			name = Release;
		};
		E05F03D4233309E300A8FA6A /* Debug */ = {
			isa = XCBuildConfiguration;
			baseConfigurationReference = 44D7EA4AF5D3ACAF65A0DBA9 /* Pods-ios-login.debug.xcconfig */;
			buildSettings = {
				ASSETCATALOG_COMPILER_APPICON_NAME = AppIcon;
				CODE_SIGN_STYLE = Automatic;
				INFOPLIST_FILE = "ios-login/Info.plist";
				LD_RUNPATH_SEARCH_PATHS = (
					"$(inherited)",
					"@executable_path/Frameworks",
				);
				PRODUCT_BUNDLE_IDENTIFIER = "com.ahmed.ios-login";
				PRODUCT_NAME = "$(TARGET_NAME)";
				SWIFT_VERSION = 5.0;
				TARGETED_DEVICE_FAMILY = "1,2";
			};
			name = Debug;
		};
		E05F03D5233309E300A8FA6A /* Release */ = {
			isa = XCBuildConfiguration;
			baseConfigurationReference = 44514BD665888774D7F308D2 /* Pods-ios-login.release.xcconfig */;
			buildSettings = {
				ASSETCATALOG_COMPILER_APPICON_NAME = AppIcon;
				CODE_SIGN_STYLE = Automatic;
				INFOPLIST_FILE = "ios-login/Info.plist";
				LD_RUNPATH_SEARCH_PATHS = (
					"$(inherited)",
					"@executable_path/Frameworks",
				);
				PRODUCT_BUNDLE_IDENTIFIER = "com.ahmed.ios-login";
				PRODUCT_NAME = "$(TARGET_NAME)";
				SWIFT_VERSION = 5.0;
				TARGETED_DEVICE_FAMILY = "1,2";
			};
			name = Release;
		};
/* End XCBuildConfiguration section */

/* Begin XCConfigurationList section */
		E05F03BC233309E100A8FA6A /* Build configuration list for PBXProject "ios-login" */ = {
			isa = XCConfigurationList;
			buildConfigurations = (
				E05F03D1233309E300A8FA6A /* Debug */,
				E05F03D2233309E300A8FA6A /* Release */,
			);
			defaultConfigurationIsVisible = 0;
			defaultConfigurationName = Release;
		};
		E05F03D3233309E300A8FA6A /* Build configuration list for PBXNativeTarget "ios-login" */ = {
			isa = XCConfigurationList;
			buildConfigurations = (
				E05F03D4233309E300A8FA6A /* Debug */,
				E05F03D5233309E300A8FA6A /* Release */,
			);
			defaultConfigurationIsVisible = 0;
			defaultConfigurationName = Release;
		};
/* End XCConfigurationList section */
	};
	rootObject = E05F03B9233309E100A8FA6A /* Project object */;
}
